
Microsoft Visual Studio Solution File, Format Version 12.00
# Visual Studio Version 16
VisualStudioVersion = 16.0.29020.237
MinimumVisualStudioVersion = 10.0.40219.1
Project("{FAE04EC0-301F-11D3-BF4B-00C04F79EFBC}") = "NetworkSimulator", "NetworkSimulator.csproj", "{5ABEC11E-9E8B-4C3C-AC29-AA5778A00ADC}"
EndProject
Global
	GlobalSection(SolutionConfigurationPlatforms) = preSolution
		Debug|Any CPU = Debug|Any CPU
		Release|Any CPU = Release|Any CPU
	EndGlobalSection
	GlobalSection(ProjectConfigurationPlatforms) = postSolution
		{5ABEC11E-9E8B-4C3C-AC29-AA5778A00ADC}.Debug|Any CPU.ActiveCfg = Debug|Any CPU
		{5ABEC11E-9E8B-4C3C-AC29-AA5778A00ADC}.Debug|Any CPU.Build.0 = Debug|Any CPU
		{5ABEC11E-9E8B-4C3C-AC29-AA5778A00ADC}.Release|Any CPU.ActiveCfg = Release|Any CPU
		{5ABEC11E-9E8B-4C3C-AC29-AA5778A00ADC}.Release|Any CPU.Build.0 = Release|Any CPU
	EndGlobalSection
	GlobalSection(SolutionProperties) = preSolution
		HideSolutionNode = FALSE
	EndGlobalSection
	GlobalSection(ExtensibilityGlobals) = postSolution
		SolutionGuid = {DF759708-E7BB-44B7-A68B-B217ADCFA5D1}
	EndGlobalSection
EndGlobal
